
Microsoft Visual Studio Solution File, Format Version 12.00
# Visual Studio Version 17
VisualStudioVersion = 17.14.36327.8
MinimumVisualStudioVersion = 10.0.40219.1
Project("{2150E333-8FDC-42A3-9474-1A3956D46DE8}") = "src", "src", "{827E0CD3-B72D-47B6-A68D-7590B98EB39B}"
EndProject
Project("{2150E333-8FDC-42A3-9474-1A3956D46DE8}") = "Services", "Services", "{984BB9B3-3FA3-BE33-9484-CAC21695A33C}"
EndProject
Project("{2150E333-8FDC-42A3-9474-1A3956D46DE8}") = "SwiftBite.UserService", "SwiftBite.UserService", "{D9E775E0-E98D-2441-1B29-45CECA85C806}"
EndProject
Project("{2150E333-8FDC-42A3-9474-1A3956D46DE8}") = "SwiftBite.UserService.API", "SwiftBite.UserService.API", "{2A0BA022-6BC7-AFE4-D74C-B1149D60A043}"
EndProject
Project("{FAE04EC0-301F-11D3-BF4B-00C04F79EFBC}") = "SwiftBite.UserService.Api", "src\Services\SwiftBite.UserService\SwiftBite.UserService.API\SwiftBite.UserService.Api.csproj", "{68570770-DB30-4969-9735-B211C616CBBE}"
EndProject
Project("{FAE04EC0-301F-11D3-BF4B-00C04F79EFBC}") = "SwiftBite.UserService.Application", "src\Services\SwiftBite.UserService\SwiftBite.UserService.Application\SwiftBite.UserService.Application.csproj", "{865D2692-71FE-4B53-B266-10A55921989D}"
EndProject
Project("{FAE04EC0-301F-11D3-BF4B-00C04F79EFBC}") = "SwiftBite.UserService.Domain", "src\Services\SwiftBite.UserService\SwiftBite.UserService.Domain\SwiftBite.UserService.Domain.csproj", "{92F8BE56-0636-468A-B06C-BE6040708FD4}"
EndProject
Project("{FAE04EC0-301F-11D3-BF4B-00C04F79EFBC}") = "SwiftBite.UserService.Infrastructure", "src\Services\SwiftBite.UserService\SwiftBite.UserService.Infrastructure\SwiftBite.UserService.Infrastructure.csproj", "{E686252C-2B52-4834-AF59-39B9DD52E5AC}"
EndProject
Project("{2150E333-8FDC-42A3-9474-1A3956D46DE8}") = "Shared", "Shared", "{C8E42992-5E42-0C2B-DBFE-AA848D06431C}"
EndProject
Project("{FAE04EC0-301F-11D3-BF4B-00C04F79EFBC}") = "SwiftBite.Shared.Kernel", "SwiftBite.Shared.Kernel\SwiftBite.Shared.Kernel.csproj", "{DA622B4C-2188-44EC-A110-0B0475640097}"
EndProject
Project("{2150E333-8FDC-42A3-9474-1A3956D46DE8}") = "AuthServer", "AuthServer", "{C816F7B1-8829-8245-809E-59163F1DF2AB}"
	ProjectSection(SolutionItems) = preProject
		appsettings.Production.json = appsettings.Production.json
	EndProjectSection
EndProject
Project("{FAE04EC0-301F-11D3-BF4B-00C04F79EFBC}") = "SwiftBite.AuthServer", "src\AuthServer\SwiftBite.AuthServer\SwiftBite.AuthServer.csproj", "{CC7B9E92-0F1B-4AEB-B6F6-5412E680CCF6}"
EndProject
Project("{2150E333-8FDC-42A3-9474-1A3956D46DE8}") = "ApiGateway", "ApiGateway", "{FCA01246-F2C6-0AA7-D43F-FD13BE0B9D88}"
EndProject
Project("{FAE04EC0-301F-11D3-BF4B-00C04F79EFBC}") = "SwiftBite.ApiGateway", "src\ApiGateway\SwiftBite.ApiGateway\SwiftBite.ApiGateway.csproj", "{0056BD6C-1776-4196-A985-7ADA7961B1A3}"
EndProject
Project("{2150E333-8FDC-42A3-9474-1A3956D46DE8}") = "SwiftBite.RestaurantService", "SwiftBite.RestaurantService", "{D685CE72-FA90-4AF0-25AB-A817E85F2892}"
EndProject
Project("{FAE04EC0-301F-11D3-BF4B-00C04F79EFBC}") = "SwiftBite.RestaurantService.API", "src\Services\SwiftBite.RestaurantService\SwiftBite.RestaurantService.API\SwiftBite.RestaurantService.API.csproj", "{01C8D7E8-62CE-4555-9978-81CE3FD94DDF}"
EndProject
Project("{FAE04EC0-301F-11D3-BF4B-00C04F79EFBC}") = "SwiftBite.RestaurantService.Application", "src\Services\SwiftBite.RestaurantService\SwiftBite.RestaurantService.Application\SwiftBite.RestaurantService.Application.csproj", "{214888E7-5E3B-49DA-967B-50366BCD1515}"
EndProject
Project("{FAE04EC0-301F-11D3-BF4B-00C04F79EFBC}") = "SwiftBite.RestaurantService.Domain", "src\Services\SwiftBite.RestaurantService\SwiftBite.RestaurantService.Domain\SwiftBite.RestaurantService.Domain.csproj", "{021AC5AD-689D-46BD-A8AD-EAC66F42DFA1}"
EndProject
Project("{FAE04EC0-301F-11D3-BF4B-00C04F79EFBC}") = "SwiftBite.RestaurantService.Infrastructure", "src\Services\SwiftBite.RestaurantService\SwiftBite.RestaurantService.Infrastructure\SwiftBite.RestaurantService.Infrastructure.csproj", "{BD87DBB5-5B53-461F-B8B7-0B12D7D55970}"
EndProject
Project("{2150E333-8FDC-42A3-9474-1A3956D46DE8}") = "SwiftBite.OrderService", "SwiftBite.OrderService", "{99C2AAA5-DC80-388B-1134-B03A989D2F97}"
EndProject
Project("{FAE04EC0-301F-11D3-BF4B-00C04F79EFBC}") = "SwiftBite.OrderService.API", "src\Services\SwiftBite.OrderService\SwiftBite.OrderService.API\SwiftBite.OrderService.API.csproj", "{9D1F36F1-6AC5-4D45-8C54-765BFF7D24C2}"
EndProject
Project("{FAE04EC0-301F-11D3-BF4B-00C04F79EFBC}") = "SwiftBite.OrderService.Application", "src\Services\SwiftBite.OrderService\SwiftBite.OrderService.Application\SwiftBite.OrderService.Application.csproj", "{5D4BEB77-256B-47F7-AB7E-2C35BEA93B10}"
EndProject
Project("{FAE04EC0-301F-11D3-BF4B-00C04F79EFBC}") = "SwiftBite.OrderService.Domain", "src\Services\SwiftBite.OrderService\SwiftBite.OrderService.Domain\SwiftBite.OrderService.Domain.csproj", "{5E94144E-F263-4F03-8822-A43C4450D924}"
EndProject
Project("{FAE04EC0-301F-11D3-BF4B-00C04F79EFBC}") = "SwiftBite.OrderService.Infrastructure", "src\Services\SwiftBite.OrderService\SwiftBite.OrderService.Infrastructure\SwiftBite.OrderService.Infrastructure.csproj", "{5F83DC42-E635-4A69-A072-E46332583207}"
EndProject
Global
	GlobalSection(SolutionConfigurationPlatforms) = preSolution
		Debug|Any CPU = Debug|Any CPU
		Debug|x64 = Debug|x64
		Debug|x86 = Debug|x86
		Release|Any CPU = Release|Any CPU
		Release|x64 = Release|x64
		Release|x86 = Release|x86
	EndGlobalSection
	GlobalSection(ProjectConfigurationPlatforms) = postSolution
		{68570770-DB30-4969-9735-B211C616CBBE}.Debug|Any CPU.ActiveCfg = Debug|Any CPU
		{68570770-DB30-4969-9735-B211C616CBBE}.Debug|Any CPU.Build.0 = Debug|Any CPU
		{68570770-DB30-4969-9735-B211C616CBBE}.Debug|x64.ActiveCfg = Debug|Any CPU
		{68570770-DB30-4969-9735-B211C616CBBE}.Debug|x64.Build.0 = Debug|Any CPU
		{68570770-DB30-4969-9735-B211C616CBBE}.Debug|x86.ActiveCfg = Debug|Any CPU
		{68570770-DB30-4969-9735-B211C616CBBE}.Debug|x86.Build.0 = Debug|Any CPU
		{68570770-DB30-4969-9735-B211C616CBBE}.Release|Any CPU.ActiveCfg = Release|Any CPU
		{68570770-DB30-4969-9735-B211C616CBBE}.Release|Any CPU.Build.0 = Release|Any CPU
		{68570770-DB30-4969-9735-B211C616CBBE}.Release|x64.ActiveCfg = Release|Any CPU
		{68570770-DB30-4969-9735-B211C616CBBE}.Release|x64.Build.0 = Release|Any CPU
		{68570770-DB30-4969-9735-B211C616CBBE}.Release|x86.ActiveCfg = Release|Any CPU
		{68570770-DB30-4969-9735-B211C616CBBE}.Release|x86.Build.0 = Release|Any CPU
		{865D2692-71FE-4B53-B266-10A55921989D}.Debug|Any CPU.ActiveCfg = Debug|Any CPU
		{865D2692-71FE-4B53-B266-10A55921989D}.Debug|Any CPU.Build.0 = Debug|Any CPU
		{865D2692-71FE-4B53-B266-10A55921989D}.Debug|x64.ActiveCfg = Debug|Any CPU
		{865D2692-71FE-4B53-B266-10A55921989D}.Debug|x64.Build.0 = Debug|Any CPU
		{865D2692-71FE-4B53-B266-10A55921989D}.Debug|x86.ActiveCfg = Debug|Any CPU
		{865D2692-71FE-4B53-B266-10A55921989D}.Debug|x86.Build.0 = Debug|Any CPU
		{865D2692-71FE-4B53-B266-10A55921989D}.Release|Any CPU.ActiveCfg = Release|Any CPU
		{865D2692-71FE-4B53-B266-10A55921989D}.Release|Any CPU.Build.0 = Release|Any CPU
		{865D2692-71FE-4B53-B266-10A55921989D}.Release|x64.ActiveCfg = Release|Any CPU
		{865D2692-71FE-4B53-B266-10A55921989D}.Release|x64.Build.0 = Release|Any CPU
		{865D2692-71FE-4B53-B266-10A55921989D}.Release|x86.ActiveCfg = Release|Any CPU
		{865D2692-71FE-4B53-B266-10A55921989D}.Release|x86.Build.0 = Release|Any CPU
		{92F8BE56-0636-468A-B06C-BE6040708FD4}.Debug|Any CPU.ActiveCfg = Debug|Any CPU
		{92F8BE56-0636-468A-B06C-BE6040708FD4}.Debug|Any CPU.Build.0 = Debug|Any CPU
		{92F8BE56-0636-468A-B06C-BE6040708FD4}.Debug|x64.ActiveCfg = Debug|Any CPU
		{92F8BE56-0636-468A-B06C-BE6040708FD4}.Debug|x64.Build.0 = Debug|Any CPU
		{92F8BE56-0636-468A-B06C-BE6040708FD4}.Debug|x86.ActiveCfg = Debug|Any CPU
		{92F8BE56-0636-468A-B06C-BE6040708FD4}.Debug|x86.Build.0 = Debug|Any CPU
		{92F8BE56-0636-468A-B06C-BE6040708FD4}.Release|Any CPU.ActiveCfg = Release|Any CPU
		{92F8BE56-0636-468A-B06C-BE6040708FD4}.Release|Any CPU.Build.0 = Release|Any CPU
		{92F8BE56-0636-468A-B06C-BE6040708FD4}.Release|x64.ActiveCfg = Release|Any CPU
		{92F8BE56-0636-468A-B06C-BE6040708FD4}.Release|x64.Build.0 = Release|Any CPU
		{92F8BE56-0636-468A-B06C-BE6040708FD4}.Release|x86.ActiveCfg = Release|Any CPU
		{92F8BE56-0636-468A-B06C-BE6040708FD4}.Release|x86.Build.0 = Release|Any CPU
		{E686252C-2B52-4834-AF59-39B9DD52E5AC}.Debug|Any CPU.ActiveCfg = Debug|Any CPU
		{E686252C-2B52-4834-AF59-39B9DD52E5AC}.Debug|Any CPU.Build.0 = Debug|Any CPU
		{E686252C-2B52-4834-AF59-39B9DD52E5AC}.Debug|x64.ActiveCfg = Debug|Any CPU
		{E686252C-2B52-4834-AF59-39B9DD52E5AC}.Debug|x64.Build.0 = Debug|Any CPU
		{E686252C-2B52-4834-AF59-39B9DD52E5AC}.Debug|x86.ActiveCfg = Debug|Any CPU
		{E686252C-2B52-4834-AF59-39B9DD52E5AC}.Debug|x86.Build.0 = Debug|Any CPU
		{E686252C-2B52-4834-AF59-39B9DD52E5AC}.Release|Any CPU.ActiveCfg = Release|Any CPU
		{E686252C-2B52-4834-AF59-39B9DD52E5AC}.Release|Any CPU.Build.0 = Release|Any CPU
		{E686252C-2B52-4834-AF59-39B9DD52E5AC}.Release|x64.ActiveCfg = Release|Any CPU
		{E686252C-2B52-4834-AF59-39B9DD52E5AC}.Release|x64.Build.0 = Release|Any CPU
		{E686252C-2B52-4834-AF59-39B9DD52E5AC}.Release|x86.ActiveCfg = Release|Any CPU
		{E686252C-2B52-4834-AF59-39B9DD52E5AC}.Release|x86.Build.0 = Release|Any CPU
		{DA622B4C-2188-44EC-A110-0B0475640097}.Debug|Any CPU.ActiveCfg = Debug|Any CPU
		{DA622B4C-2188-44EC-A110-0B0475640097}.Debug|Any CPU.Build.0 = Debug|Any CPU
		{DA622B4C-2188-44EC-A110-0B0475640097}.Debug|x64.ActiveCfg = Debug|Any CPU
		{DA622B4C-2188-44EC-A110-0B0475640097}.Debug|x64.Build.0 = Debug|Any CPU
		{DA622B4C-2188-44EC-A110-0B0475640097}.Debug|x86.ActiveCfg = Debug|Any CPU
		{DA622B4C-2188-44EC-A110-0B0475640097}.Debug|x86.Build.0 = Debug|Any CPU
		{DA622B4C-2188-44EC-A110-0B0475640097}.Release|Any CPU.ActiveCfg = Release|Any CPU
		{DA622B4C-2188-44EC-A110-0B0475640097}.Release|Any CPU.Build.0 = Release|Any CPU
		{DA622B4C-2188-44EC-A110-0B0475640097}.Release|x64.ActiveCfg = Release|Any CPU
		{DA622B4C-2188-44EC-A110-0B0475640097}.Release|x64.Build.0 = Release|Any CPU
		{DA622B4C-2188-44EC-A110-0B0475640097}.Release|x86.ActiveCfg = Release|Any CPU
		{DA622B4C-2188-44EC-A110-0B0475640097}.Release|x86.Build.0 = Release|Any CPU
		{CC7B9E92-0F1B-4AEB-B6F6-5412E680CCF6}.Debug|Any CPU.ActiveCfg = Debug|Any CPU
		{CC7B9E92-0F1B-4AEB-B6F6-5412E680CCF6}.Debug|Any CPU.Build.0 = Debug|Any CPU
		{CC7B9E92-0F1B-4AEB-B6F6-5412E680CCF6}.Debug|x64.ActiveCfg = Debug|Any CPU
		{CC7B9E92-0F1B-4AEB-B6F6-5412E680CCF6}.Debug|x64.Build.0 = Debug|Any CPU
		{CC7B9E92-0F1B-4AEB-B6F6-5412E680CCF6}.Debug|x86.ActiveCfg = Debug|Any CPU
		{CC7B9E92-0F1B-4AEB-B6F6-5412E680CCF6}.Debug|x86.Build.0 = Debug|Any CPU
		{CC7B9E92-0F1B-4AEB-B6F6-5412E680CCF6}.Release|Any CPU.ActiveCfg = Release|Any CPU
		{CC7B9E92-0F1B-4AEB-B6F6-5412E680CCF6}.Release|Any CPU.Build.0 = Release|Any CPU
		{CC7B9E92-0F1B-4AEB-B6F6-5412E680CCF6}.Release|x64.ActiveCfg = Release|Any CPU
		{CC7B9E92-0F1B-4AEB-B6F6-5412E680CCF6}.Release|x64.Build.0 = Release|Any CPU
		{CC7B9E92-0F1B-4AEB-B6F6-5412E680CCF6}.Release|x86.ActiveCfg = Release|Any CPU
		{CC7B9E92-0F1B-4AEB-B6F6-5412E680CCF6}.Release|x86.Build.0 = Release|Any CPU
		{0056BD6C-1776-4196-A985-7ADA7961B1A3}.Debug|Any CPU.ActiveCfg = Debug|Any CPU
		{0056BD6C-1776-4196-A985-7ADA7961B1A3}.Debug|Any CPU.Build.0 = Debug|Any CPU
		{0056BD6C-1776-4196-A985-7ADA7961B1A3}.Debug|x64.ActiveCfg = Debug|Any CPU
		{0056BD6C-1776-4196-A985-7ADA7961B1A3}.Debug|x64.Build.0 = Debug|Any CPU
		{0056BD6C-1776-4196-A985-7ADA7961B1A3}.Debug|x86.ActiveCfg = Debug|Any CPU
		{0056BD6C-1776-4196-A985-7ADA7961B1A3}.Debug|x86.Build.0 = Debug|Any CPU
		{0056BD6C-1776-4196-A985-7ADA7961B1A3}.Release|Any CPU.ActiveCfg = Release|Any CPU
		{0056BD6C-1776-4196-A985-7ADA7961B1A3}.Release|Any CPU.Build.0 = Release|Any CPU
		{0056BD6C-1776-4196-A985-7ADA7961B1A3}.Release|x64.ActiveCfg = Release|Any CPU
		{0056BD6C-1776-4196-A985-7ADA7961B1A3}.Release|x64.Build.0 = Release|Any CPU
		{0056BD6C-1776-4196-A985-7ADA7961B1A3}.Release|x86.ActiveCfg = Release|Any CPU
		{0056BD6C-1776-4196-A985-7ADA7961B1A3}.Release|x86.Build.0 = Release|Any CPU
		{01C8D7E8-62CE-4555-9978-81CE3FD94DDF}.Debug|Any CPU.ActiveCfg = Debug|Any CPU
		{01C8D7E8-62CE-4555-9978-81CE3FD94DDF}.Debug|Any CPU.Build.0 = Debug|Any CPU
		{01C8D7E8-62CE-4555-9978-81CE3FD94DDF}.Debug|x64.ActiveCfg = Debug|Any CPU
		{01C8D7E8-62CE-4555-9978-81CE3FD94DDF}.Debug|x64.Build.0 = Debug|Any CPU
		{01C8D7E8-62CE-4555-9978-81CE3FD94DDF}.Debug|x86.ActiveCfg = Debug|Any CPU
		{01C8D7E8-62CE-4555-9978-81CE3FD94DDF}.Debug|x86.Build.0 = Debug|Any CPU
		{01C8D7E8-62CE-4555-9978-81CE3FD94DDF}.Release|Any CPU.ActiveCfg = Release|Any CPU
		{01C8D7E8-62CE-4555-9978-81CE3FD94DDF}.Release|Any CPU.Build.0 = Release|Any CPU
		{01C8D7E8-62CE-4555-9978-81CE3FD94DDF}.Release|x64.ActiveCfg = Release|Any CPU
		{01C8D7E8-62CE-4555-9978-81CE3FD94DDF}.Release|x64.Build.0 = Release|Any CPU
		{01C8D7E8-62CE-4555-9978-81CE3FD94DDF}.Release|x86.ActiveCfg = Release|Any CPU
		{01C8D7E8-62CE-4555-9978-81CE3FD94DDF}.Release|x86.Build.0 = Release|Any CPU
		{214888E7-5E3B-49DA-967B-50366BCD1515}.Debug|Any CPU.ActiveCfg = Debug|Any CPU
		{214888E7-5E3B-49DA-967B-50366BCD1515}.Debug|Any CPU.Build.0 = Debug|Any CPU
		{214888E7-5E3B-49DA-967B-50366BCD1515}.Debug|x64.ActiveCfg = Debug|Any CPU
		{214888E7-5E3B-49DA-967B-50366BCD1515}.Debug|x64.Build.0 = Debug|Any CPU
		{214888E7-5E3B-49DA-967B-50366BCD1515}.Debug|x86.ActiveCfg = Debug|Any CPU
		{214888E7-5E3B-49DA-967B-50366BCD1515}.Debug|x86.Build.0 = Debug|Any CPU
		{214888E7-5E3B-49DA-967B-50366BCD1515}.Release|Any CPU.ActiveCfg = Release|Any CPU
		{214888E7-5E3B-49DA-967B-50366BCD1515}.Release|Any CPU.Build.0 = Release|Any CPU
		{214888E7-5E3B-49DA-967B-50366BCD1515}.Release|x64.ActiveCfg = Release|Any CPU
		{214888E7-5E3B-49DA-967B-50366BCD1515}.Release|x64.Build.0 = Release|Any CPU
		{214888E7-5E3B-49DA-967B-50366BCD1515}.Release|x86.ActiveCfg = Release|Any CPU
		{214888E7-5E3B-49DA-967B-50366BCD1515}.Release|x86.Build.0 = Release|Any CPU
		{021AC5AD-689D-46BD-A8AD-EAC66F42DFA1}.Debug|Any CPU.ActiveCfg = Debug|Any CPU
		{021AC5AD-689D-46BD-A8AD-EAC66F42DFA1}.Debug|Any CPU.Build.0 = Debug|Any CPU
		{021AC5AD-689D-46BD-A8AD-EAC66F42DFA1}.Debug|x64.ActiveCfg = Debug|Any CPU
		{021AC5AD-689D-46BD-A8AD-EAC66F42DFA1}.Debug|x64.Build.0 = Debug|Any CPU
		{021AC5AD-689D-46BD-A8AD-EAC66F42DFA1}.Debug|x86.ActiveCfg = Debug|Any CPU
		{021AC5AD-689D-46BD-A8AD-EAC66F42DFA1}.Debug|x86.Build.0 = Debug|Any CPU
		{021AC5AD-689D-46BD-A8AD-EAC66F42DFA1}.Release|Any CPU.ActiveCfg = Release|Any CPU
		{021AC5AD-689D-46BD-A8AD-EAC66F42DFA1}.Release|Any CPU.Build.0 = Release|Any CPU
		{021AC5AD-689D-46BD-A8AD-EAC66F42DFA1}.Release|x64.ActiveCfg = Release|Any CPU
		{021AC5AD-689D-46BD-A8AD-EAC66F42DFA1}.Release|x64.Build.0 = Release|Any CPU
		{021AC5AD-689D-46BD-A8AD-EAC66F42DFA1}.Release|x86.ActiveCfg = Release|Any CPU
		{021AC5AD-689D-46BD-A8AD-EAC66F42DFA1}.Release|x86.Build.0 = Release|Any CPU
		{BD87DBB5-5B53-461F-B8B7-0B12D7D55970}.Debug|Any CPU.ActiveCfg = Debug|Any CPU
		{BD87DBB5-5B53-461F-B8B7-0B12D7D55970}.Debug|Any CPU.Build.0 = Debug|Any CPU
		{BD87DBB5-5B53-461F-B8B7-0B12D7D55970}.Debug|x64.ActiveCfg = Debug|Any CPU
		{BD87DBB5-5B53-461F-B8B7-0B12D7D55970}.Debug|x64.Build.0 = Debug|Any CPU
		{BD87DBB5-5B53-461F-B8B7-0B12D7D55970}.Debug|x86.ActiveCfg = Debug|Any CPU
		{BD87DBB5-5B53-461F-B8B7-0B12D7D55970}.Debug|x86.Build.0 = Debug|Any CPU
		{BD87DBB5-5B53-461F-B8B7-0B12D7D55970}.Release|Any CPU.ActiveCfg = Release|Any CPU
		{BD87DBB5-5B53-461F-B8B7-0B12D7D55970}.Release|Any CPU.Build.0 = Release|Any CPU
		{BD87DBB5-5B53-461F-B8B7-0B12D7D55970}.Release|x64.ActiveCfg = Release|Any CPU
		{BD87DBB5-5B53-461F-B8B7-0B12D7D55970}.Release|x64.Build.0 = Release|Any CPU
		{BD87DBB5-5B53-461F-B8B7-0B12D7D55970}.Release|x86.ActiveCfg = Release|Any CPU
		{BD87DBB5-5B53-461F-B8B7-0B12D7D55970}.Release|x86.Build.0 = Release|Any CPU
		{9D1F36F1-6AC5-4D45-8C54-765BFF7D24C2}.Debug|Any CPU.ActiveCfg = Debug|Any CPU
		{9D1F36F1-6AC5-4D45-8C54-765BFF7D24C2}.Debug|Any CPU.Build.0 = Debug|Any CPU
		{9D1F36F1-6AC5-4D45-8C54-765BFF7D24C2}.Debug|x64.ActiveCfg = Debug|Any CPU
		{9D1F36F1-6AC5-4D45-8C54-765BFF7D24C2}.Debug|x64.Build.0 = Debug|Any CPU
		{9D1F36F1-6AC5-4D45-8C54-765BFF7D24C2}.Debug|x86.ActiveCfg = Debug|Any CPU
		{9D1F36F1-6AC5-4D45-8C54-765BFF7D24C2}.Debug|x86.Build.0 = Debug|Any CPU
		{9D1F36F1-6AC5-4D45-8C54-765BFF7D24C2}.Release|Any CPU.ActiveCfg = Release|Any CPU
		{9D1F36F1-6AC5-4D45-8C54-765BFF7D24C2}.Release|Any CPU.Build.0 = Release|Any CPU
		{9D1F36F1-6AC5-4D45-8C54-765BFF7D24C2}.Release|x64.ActiveCfg = Release|Any CPU
		{9D1F36F1-6AC5-4D45-8C54-765BFF7D24C2}.Release|x64.Build.0 = Release|Any CPU
		{9D1F36F1-6AC5-4D45-8C54-765BFF7D24C2}.Release|x86.ActiveCfg = Release|Any CPU
		{9D1F36F1-6AC5-4D45-8C54-765BFF7D24C2}.Release|x86.Build.0 = Release|Any CPU
		{5D4BEB77-256B-47F7-AB7E-2C35BEA93B10}.Debug|Any CPU.ActiveCfg = Debug|Any CPU
		{5D4BEB77-256B-47F7-AB7E-2C35BEA93B10}.Debug|Any CPU.Build.0 = Debug|Any CPU
		{5D4BEB77-256B-47F7-AB7E-2C35BEA93B10}.Debug|x64.ActiveCfg = Debug|Any CPU
		{5D4BEB77-256B-47F7-AB7E-2C35BEA93B10}.Debug|x64.Build.0 = Debug|Any CPU
		{5D4BEB77-256B-47F7-AB7E-2C35BEA93B10}.Debug|x86.ActiveCfg = Debug|Any CPU
		{5D4BEB77-256B-47F7-AB7E-2C35BEA93B10}.Debug|x86.Build.0 = Debug|Any CPU
		{5D4BEB77-256B-47F7-AB7E-2C35BEA93B10}.Release|Any CPU.ActiveCfg = Release|Any CPU
		{5D4BEB77-256B-47F7-AB7E-2C35BEA93B10}.Release|Any CPU.Build.0 = Release|Any CPU
		{5D4BEB77-256B-47F7-AB7E-2C35BEA93B10}.Release|x64.ActiveCfg = Release|Any CPU
		{5D4BEB77-256B-47F7-AB7E-2C35BEA93B10}.Release|x64.Build.0 = Release|Any CPU
		{5D4BEB77-256B-47F7-AB7E-2C35BEA93B10}.Release|x86.ActiveCfg = Release|Any CPU
		{5D4BEB77-256B-47F7-AB7E-2C35BEA93B10}.Release|x86.Build.0 = Release|Any CPU
		{5E94144E-F263-4F03-8822-A43C4450D924}.Debug|Any CPU.ActiveCfg = Debug|Any CPU
		{5E94144E-F263-4F03-8822-A43C4450D924}.Debug|Any CPU.Build.0 = Debug|Any CPU
		{5E94144E-F263-4F03-8822-A43C4450D924}.Debug|x64.ActiveCfg = Debug|Any CPU
		{5E94144E-F263-4F03-8822-A43C4450D924}.Debug|x64.Build.0 = Debug|Any CPU
		{5E94144E-F263-4F03-8822-A43C4450D924}.Debug|x86.ActiveCfg = Debug|Any CPU
		{5E94144E-F263-4F03-8822-A43C4450D924}.Debug|x86.Build.0 = Debug|Any CPU
		{5E94144E-F263-4F03-8822-A43C4450D924}.Release|Any CPU.ActiveCfg = Release|Any CPU
		{5E94144E-F263-4F03-8822-A43C4450D924}.Release|Any CPU.Build.0 = Release|Any CPU
		{5E94144E-F263-4F03-8822-A43C4450D924}.Release|x64.ActiveCfg = Release|Any CPU
		{5E94144E-F263-4F03-8822-A43C4450D924}.Release|x64.Build.0 = Release|Any CPU
		{5E94144E-F263-4F03-8822-A43C4450D924}.Release|x86.ActiveCfg = Release|Any CPU
		{5E94144E-F263-4F03-8822-A43C4450D924}.Release|x86.Build.0 = Release|Any CPU
		{5F83DC42-E635-4A69-A072-E46332583207}.Debug|Any CPU.ActiveCfg = Debug|Any CPU
		{5F83DC42-E635-4A69-A072-E46332583207}.Debug|Any CPU.Build.0 = Debug|Any CPU
		{5F83DC42-E635-4A69-A072-E46332583207}.Debug|x64.ActiveCfg = Debug|Any CPU
		{5F83DC42-E635-4A69-A072-E46332583207}.Debug|x64.Build.0 = Debug|Any CPU
		{5F83DC42-E635-4A69-A072-E46332583207}.Debug|x86.ActiveCfg = Debug|Any CPU
		{5F83DC42-E635-4A69-A072-E46332583207}.Debug|x86.Build.0 = Debug|Any CPU
		{5F83DC42-E635-4A69-A072-E46332583207}.Release|Any CPU.ActiveCfg = Release|Any CPU
		{5F83DC42-E635-4A69-A072-E46332583207}.Release|Any CPU.Build.0 = Release|Any CPU
		{5F83DC42-E635-4A69-A072-E46332583207}.Release|x64.ActiveCfg = Release|Any CPU
		{5F83DC42-E635-4A69-A072-E46332583207}.Release|x64.Build.0 = Release|Any CPU
		{5F83DC42-E635-4A69-A072-E46332583207}.Release|x86.ActiveCfg = Release|Any CPU
		{5F83DC42-E635-4A69-A072-E46332583207}.Release|x86.Build.0 = Release|Any CPU
	EndGlobalSection
	GlobalSection(SolutionProperties) = preSolution
		HideSolutionNode = FALSE
	EndGlobalSection
	GlobalSection(NestedProjects) = preSolution
		{984BB9B3-3FA3-BE33-9484-CAC21695A33C} = {827E0CD3-B72D-47B6-A68D-7590B98EB39B}
		{D9E775E0-E98D-2441-1B29-45CECA85C806} = {984BB9B3-3FA3-BE33-9484-CAC21695A33C}
		{2A0BA022-6BC7-AFE4-D74C-B1149D60A043} = {D9E775E0-E98D-2441-1B29-45CECA85C806}
		{68570770-DB30-4969-9735-B211C616CBBE} = {2A0BA022-6BC7-AFE4-D74C-B1149D60A043}
		{865D2692-71FE-4B53-B266-10A55921989D} = {2A0BA022-6BC7-AFE4-D74C-B1149D60A043}
		{92F8BE56-0636-468A-B06C-BE6040708FD4} = {2A0BA022-6BC7-AFE4-D74C-B1149D60A043}
		{E686252C-2B52-4834-AF59-39B9DD52E5AC} = {2A0BA022-6BC7-AFE4-D74C-B1149D60A043}
		{C8E42992-5E42-0C2B-DBFE-AA848D06431C} = {827E0CD3-B72D-47B6-A68D-7590B98EB39B}
		{DA622B4C-2188-44EC-A110-0B0475640097} = {C8E42992-5E42-0C2B-DBFE-AA848D06431C}
		{C816F7B1-8829-8245-809E-59163F1DF2AB} = {827E0CD3-B72D-47B6-A68D-7590B98EB39B}
		{CC7B9E92-0F1B-4AEB-B6F6-5412E680CCF6} = {C816F7B1-8829-8245-809E-59163F1DF2AB}
		{FCA01246-F2C6-0AA7-D43F-FD13BE0B9D88} = {827E0CD3-B72D-47B6-A68D-7590B98EB39B}
		{0056BD6C-1776-4196-A985-7ADA7961B1A3} = {FCA01246-F2C6-0AA7-D43F-FD13BE0B9D88}
		{D685CE72-FA90-4AF0-25AB-A817E85F2892} = {984BB9B3-3FA3-BE33-9484-CAC21695A33C}
		{01C8D7E8-62CE-4555-9978-81CE3FD94DDF} = {D685CE72-FA90-4AF0-25AB-A817E85F2892}
		{214888E7-5E3B-49DA-967B-50366BCD1515} = {D685CE72-FA90-4AF0-25AB-A817E85F2892}
		{021AC5AD-689D-46BD-A8AD-EAC66F42DFA1} = {D685CE72-FA90-4AF0-25AB-A817E85F2892}
		{BD87DBB5-5B53-461F-B8B7-0B12D7D55970} = {D685CE72-FA90-4AF0-25AB-A817E85F2892}
		{99C2AAA5-DC80-388B-1134-B03A989D2F97} = {984BB9B3-3FA3-BE33-9484-CAC21695A33C}
		{9D1F36F1-6AC5-4D45-8C54-765BFF7D24C2} = {99C2AAA5-DC80-388B-1134-B03A989D2F97}
		{5D4BEB77-256B-47F7-AB7E-2C35BEA93B10} = {99C2AAA5-DC80-388B-1134-B03A989D2F97}
		{5E94144E-F263-4F03-8822-A43C4450D924} = {99C2AAA5-DC80-388B-1134-B03A989D2F97}
		{5F83DC42-E635-4A69-A072-E46332583207} = {99C2AAA5-DC80-388B-1134-B03A989D2F97}
	EndGlobalSection
	GlobalSection(ExtensibilityGlobals) = postSolution
		SolutionGuid = {C086FA7A-B06E-45C8-A8A5-D65EA51CFB53}
	EndGlobalSection
EndGlobal
